
Microsoft Visual Studio Solution File, Format Version 12.00
# Visual Studio Version 16
VisualStudioVersion = 16.0.29613.14
MinimumVisualStudioVersion = 10.0.40219.1
Project("{FAE04EC0-301F-11D3-BF4B-00C04F79EFBC}") = "ElasticKibanaNetCore", "ElasticKibanaNetCore\ElasticKibanaNetCore.csproj", "{C5A9A1DC-0166-487F-AB9E-5F46E4BB3035}"
EndProject
Global
	GlobalSection(SolutionConfigurationPlatforms) = preSolution
		Debug|Any CPU = Debug|Any CPU
		Release|Any CPU = Release|Any CPU
	EndGlobalSection
	GlobalSection(ProjectConfigurationPlatforms) = postSolution
		{C5A9A1DC-0166-487F-AB9E-5F46E4BB3035}.Debug|Any CPU.ActiveCfg = Debug|Any CPU
		{C5A9A1DC-0166-487F-AB9E-5F46E4BB3035}.Debug|Any CPU.Build.0 = Debug|Any CPU
		{C5A9A1DC-0166-487F-AB9E-5F46E4BB3035}.Release|Any CPU.ActiveCfg = Release|Any CPU
		{C5A9A1DC-0166-487F-AB9E-5F46E4BB3035}.Release|Any CPU.Build.0 = Release|Any CPU
	EndGlobalSection
	GlobalSection(SolutionProperties) = preSolution
		HideSolutionNode = FALSE
	EndGlobalSection
	GlobalSection(ExtensibilityGlobals) = postSolution
		SolutionGuid = {09CF3E5D-434B-4C47-8995-DF324027D0B3}
	EndGlobalSection
EndGlobal
